{
  "version": "5",
  "remote": {
    "https://edge.netlify.com/": "fd941d61d88673d5f28aab283fb86fcc50f08a3bc80ee5470498fcfa88c65cfb",
    "https://edge.netlify.com/bootstrap/config.ts": "6a2ce0e544e15e8f8883a5c18da5948e37fd0f2619f68cb31f3af53c51817025",
    "https://edge.netlify.com/bootstrap/context.ts": "e97240232121e2f369f6546ce961490f34d961ea1ea54be3ff09633e3f08373f",
    "https://edge.netlify.com/bootstrap/cookie.ts": "8b0baae708989ca183c6f3b4ab3d029e6abcbc2e43f93edeb0ff447b3bbc3a05",
    "https://edge.netlify.com/bootstrap/edge_function.ts": "b8253e86aa83c67341f5cfedeba5049d77fbf84dcab7eceff7566b7728ae9b39",
    "https://edge.netlify.com/bootstrap/globals/types.ts": "eaa6148ded3121d8dee62dd91c86e7fe76601df0f3ca8d7962243a30f4c8935f"
  },
  "workspace": {
    "packageJson": {
      "dependencies": [
        "npm:@commitlint/cli@^16.3.0",
        "npm:@commitlint/config-conventional@^16.2.4",
        "npm:@dnd-kit/core@^6.3.1",
        "npm:@dnd-kit/modifiers@9",
        "npm:@dnd-kit/sortable@10",
        "npm:@dnd-kit/utilities@^3.2.2",
        "npm:@emotion/react@^11.14.0",
        "npm:@emotion/styled@^11.14.1",
        "npm:@eslint/eslintrc@^3.3.1",
        "npm:@eslint/js@^9.28.0",
        "npm:@headlessui/react@^2.2.4",
        "npm:@heroicons/react@^2.2.0",
        "npm:@mui/material@^9.4.0",
        "npm:@svgr/webpack@^8.1.0",
        "npm:@tailwindcss/postcss@^4.1.18",
        "npm:@tailwindcss/typography@~0.5.19",
        "npm:@tanstack/react-query-devtools@^5.102.6",
        "npm:@tanstack/react-query@^5.102.6",
        "npm:@tanstack/react-virtual@^3.14.11",
        "npm:@testing-library/jest-dom@^5.17.0",
        "npm:@testing-library/react@^16.3.0",
        "npm:@types/bs58@5",
        "npm:@types/crypto-js@^4.2.2",
        "npm:@types/he@^1.2.3",
        "npm:@types/md5@^2.3.6",
        "npm:@types/node@24.0.3",
        "npm:@types/react-dom@^19.1.6",
        "npm:@types/react@^19.1.0",
        "npm:@types/testing-library__jest-dom@^5.14.9",
        "npm:@types/xml2js@~0.4.14",
        "npm:@typescript-eslint/eslint-plugin@^8.33.0",
        "npm:@typescript-eslint/parser@^8.33.0",
        "npm:@upstash/redis@^1.25.0",
        "npm:@vercel/blob@^2.0.1",
        "npm:@vidstack/react@^1.12.13",
        "npm:@webgpu/types@~0.1.69",
        "npm:@websr/websr@^0.0.16",
        "npm:artplayer-plugin-danmuku@^5.3.0",
        "npm:artplayer@^5.4.0",
        "npm:bs58@6",
        "npm:cacheable-lookup@7",
        "npm:cheerio@^1.2.0",
        "npm:clsx@2",
        "npm:crypto-js@^4.2.0",
        "npm:eslint-config-next@^16.1.0",
        "npm:eslint-config-prettier@^10.1.5",
        "npm:eslint-plugin-simple-import-sort@^12.1.1",
        "npm:eslint-plugin-unused-imports@^4.1.4",
        "npm:eslint@^9.28.0",
        "npm:flv.js@^1.6.2",
        "npm:framer-motion@^12.18.1",
        "npm:he@^1.2.0",
        "npm:hls.js@^1.7.2",
        "npm:husky@^9.1.7",
        "npm:ipaddr.js@^2.5.0",
        "npm:jest@^29.7.0",
        "npm:lint-staged@^12.5.0",
        "npm:lucide-react@^1.14.0",
        "npm:md5@^2.3.0",
        "npm:media-icons@^1.1.5",
        "npm:mux.js@^6.3.0",
        "npm:nanoid@^5.1.7",
        "npm:next-router-mock@0.9",
        "npm:next-themes@~0.4.6",
        "npm:next@^16.1.0",
        "npm:pinyin-pro@^3.28.1",
        "npm:postcss@^8.5.1",
        "npm:prettier-plugin-tailwindcss@~0.6.12",
        "npm:prettier@^3.5.3",
        "npm:react-dom@19",
        "npm:react-icons@^5.4.0",
        "npm:react-markdown@^10.1.0",
        "npm:react-select@^5.10.2",
        "npm:react@19",
        "npm:redis@^4.6.7",
        "npm:remark-gfm@^4.0.1",
        "npm:socket.io-client@^4.8.3",
        "npm:sonner@^2.0.8",
        "npm:swiper@^11.2.8",
        "npm:switch-chinese@^1.0.16",
        "npm:tailwind-merge@^2.6.0",
        "npm:tailwindcss@^4.1.18",
        "npm:typescript@^5.8.3",
        "npm:vidstack@~0.6.15",
        "npm:webpack-obfuscator@^3.5.1",
        "npm:xml2js@~0.6.2",
        "npm:zod@^3.24.1"
      ]
    }
  }
}
